
Microsoft Visual Studio Solution File, Format Version 12.00
# Visual Studio Version 16
VisualStudioVersion = 16.0.32126.315
MinimumVisualStudioVersion = 10.0.40219.1
Project("{FAE04EC0-301F-11D3-BF4B-00C04F79EFBC}") = "practice", "practice\practice.csproj", "{DC324117-5564-4BFF-B430-4FDD9215F269}"
EndProject
Global
	GlobalSection(SolutionConfigurationPlatforms) = preSolution
		Debug|Any CPU = Debug|Any CPU
		Release|Any CPU = Release|Any CPU
	EndGlobalSection
	GlobalSection(ProjectConfigurationPlatforms) = postSolution
		{DC324117-5564-4BFF-B430-4FDD9215F269}.Debug|Any CPU.ActiveCfg = Debug|Any CPU
		{DC324117-5564-4BFF-B430-4FDD9215F269}.Debug|Any CPU.Build.0 = Debug|Any CPU
		{DC324117-5564-4BFF-B430-4FDD9215F269}.Release|Any CPU.ActiveCfg = Release|Any CPU
		{DC324117-5564-4BFF-B430-4FDD9215F269}.Release|Any CPU.Build.0 = Release|Any CPU
	EndGlobalSection
	GlobalSection(SolutionProperties) = preSolution
		HideSolutionNode = FALSE
	EndGlobalSection
	GlobalSection(ExtensibilityGlobals) = postSolution
		SolutionGuid = {ACEFA255-FF2B-405A-BFE0-09F394F66400}
	EndGlobalSection
EndGlobal
